
Microsoft Visual Studio Solution File, Format Version 12.00
# Visual Studio 15
VisualStudioVersion = 15.0.26124.0
MinimumVisualStudioVersion = 15.0.26124.0
Project("{2150E333-8FDC-42A3-9474-1A3956D46DE8}") = "DIKUArcade", "DIKUArcade", "{F36948BE-9545-4A14-B051-675005D2C816}"
EndProject
Project("{FAE04EC0-301F-11D3-BF4B-00C04F79EFBC}") = "DIKUArcade", "DIKUArcade\DIKUArcade\DIKUArcade.csproj", "{9CD3D398-F852-4114-A084-4EC42F5456FF}"
EndProject
Project("{FAE04EC0-301F-11D3-BF4B-00C04F79EFBC}") = "galaga", "galaga\galaga.csproj", "{30116F44-8B11-45EC-AB83-E85E9BAEC022}"
EndProject
Global
	GlobalSection(SolutionConfigurationPlatforms) = preSolution
		Debug|Any CPU = Debug|Any CPU
		Debug|x64 = Debug|x64
		Debug|x86 = Debug|x86
		Release|Any CPU = Release|Any CPU
		Release|x64 = Release|x64
		Release|x86 = Release|x86
	EndGlobalSection
	GlobalSection(SolutionProperties) = preSolution
		HideSolutionNode = FALSE
	EndGlobalSection
	GlobalSection(ProjectConfigurationPlatforms) = postSolution
		{9CD3D398-F852-4114-A084-4EC42F5456FF}.Debug|Any CPU.ActiveCfg = Debug|Any CPU
		{9CD3D398-F852-4114-A084-4EC42F5456FF}.Debug|Any CPU.Build.0 = Debug|Any CPU
		{9CD3D398-F852-4114-A084-4EC42F5456FF}.Debug|x64.ActiveCfg = Debug|Any CPU
		{9CD3D398-F852-4114-A084-4EC42F5456FF}.Debug|x64.Build.0 = Debug|Any CPU
		{9CD3D398-F852-4114-A084-4EC42F5456FF}.Debug|x86.ActiveCfg = Debug|Any CPU
		{9CD3D398-F852-4114-A084-4EC42F5456FF}.Debug|x86.Build.0 = Debug|Any CPU
		{9CD3D398-F852-4114-A084-4EC42F5456FF}.Release|Any CPU.ActiveCfg = Release|Any CPU
		{9CD3D398-F852-4114-A084-4EC42F5456FF}.Release|Any CPU.Build.0 = Release|Any CPU
		{9CD3D398-F852-4114-A084-4EC42F5456FF}.Release|x64.ActiveCfg = Release|Any CPU
		{9CD3D398-F852-4114-A084-4EC42F5456FF}.Release|x64.Build.0 = Release|Any CPU
		{9CD3D398-F852-4114-A084-4EC42F5456FF}.Release|x86.ActiveCfg = Release|Any CPU
		{9CD3D398-F852-4114-A084-4EC42F5456FF}.Release|x86.Build.0 = Release|Any CPU
		{30116F44-8B11-45EC-AB83-E85E9BAEC022}.Debug|Any CPU.ActiveCfg = Debug|Any CPU
		{30116F44-8B11-45EC-AB83-E85E9BAEC022}.Debug|Any CPU.Build.0 = Debug|Any CPU
		{30116F44-8B11-45EC-AB83-E85E9BAEC022}.Debug|x64.ActiveCfg = Debug|Any CPU
		{30116F44-8B11-45EC-AB83-E85E9BAEC022}.Debug|x64.Build.0 = Debug|Any CPU
		{30116F44-8B11-45EC-AB83-E85E9BAEC022}.Debug|x86.ActiveCfg = Debug|Any CPU
		{30116F44-8B11-45EC-AB83-E85E9BAEC022}.Debug|x86.Build.0 = Debug|Any CPU
		{30116F44-8B11-45EC-AB83-E85E9BAEC022}.Release|Any CPU.ActiveCfg = Release|Any CPU
		{30116F44-8B11-45EC-AB83-E85E9BAEC022}.Release|Any CPU.Build.0 = Release|Any CPU
		{30116F44-8B11-45EC-AB83-E85E9BAEC022}.Release|x64.ActiveCfg = Release|Any CPU
		{30116F44-8B11-45EC-AB83-E85E9BAEC022}.Release|x64.Build.0 = Release|Any CPU
		{30116F44-8B11-45EC-AB83-E85E9BAEC022}.Release|x86.ActiveCfg = Release|Any CPU
		{30116F44-8B11-45EC-AB83-E85E9BAEC022}.Release|x86.Build.0 = Release|Any CPU
	EndGlobalSection
	GlobalSection(NestedProjects) = preSolution
		{9CD3D398-F852-4114-A084-4EC42F5456FF} = {F36948BE-9545-4A14-B051-675005D2C816}
	EndGlobalSection
EndGlobal
